
Microsoft Visual Studio Solution File, Format Version 12.00
# Visual Studio 15
VisualStudioVersion = 15.0.28010.2016
MinimumVisualStudioVersion = 10.0.40219.1
Project("{F184B08F-C81C-45F6-A57F-5ABD9991F28F}") = "WBMonitorPassBox", "WBMonitorPassBox\WBMonitorPassBox.vbproj", "{B8A0DBF5-B2A3-4ADC-9325-304A96CAF675}"
EndProject
Global
	GlobalSection(SolutionConfigurationPlatforms) = preSolution
		Debug|x86 = Debug|x86
		Release|x86 = Release|x86
	EndGlobalSection
	GlobalSection(ProjectConfigurationPlatforms) = postSolution
		{B8A0DBF5-B2A3-4ADC-9325-304A96CAF675}.Debug|x86.ActiveCfg = Debug|x86
		{B8A0DBF5-B2A3-4ADC-9325-304A96CAF675}.Debug|x86.Build.0 = Debug|x86
		{B8A0DBF5-B2A3-4ADC-9325-304A96CAF675}.Release|x86.ActiveCfg = Release|x86
		{B8A0DBF5-B2A3-4ADC-9325-304A96CAF675}.Release|x86.Build.0 = Release|x86
	EndGlobalSection
	GlobalSection(SolutionProperties) = preSolution
		HideSolutionNode = FALSE
	EndGlobalSection
	GlobalSection(ExtensibilityGlobals) = postSolution
		SolutionGuid = {AE60A4CD-0D62-402F-9795-3D7489ADA66F}
	EndGlobalSection
EndGlobal
